
Microsoft Visual Studio Solution File, Format Version 12.00
# Visual Studio Version 17
VisualStudioVersion = 17.4.33110.190
MinimumVisualStudioVersion = 10.0.40219.1
Project("{9A19103F-16F7-4668-BE54-9A1E7A4F7556}") = "Mvc", "Mvc\Mvc.csproj", "{F4A639E0-786C-441D-9918-373BFB35055C}"
EndProject
Project("{9A19103F-16F7-4668-BE54-9A1E7A4F7556}") = "DataAccess", "DataAccess\DataAccess.csproj", "{08C23A51-FC6D-43EB-B5E2-20BBE338BF6B}"
EndProject
Project("{9A19103F-16F7-4668-BE54-9A1E7A4F7556}") = "Services", "Services\Services.csproj", "{C6CB89B6-09CA-4CB3-A641-01FD58EE7A7A}"
EndProject
Project("{FAE04EC0-301F-11D3-BF4B-00C04F79EFBC}") = "Entities", "Entities\Entities.csproj", "{68FE8007-F533-4374-9E71-F3590BCEFBE1}"
EndProject
Global
	GlobalSection(SolutionConfigurationPlatforms) = preSolution
		Debug|Any CPU = Debug|Any CPU
		Release|Any CPU = Release|Any CPU
	EndGlobalSection
	GlobalSection(ProjectConfigurationPlatforms) = postSolution
		{F4A639E0-786C-441D-9918-373BFB35055C}.Debug|Any CPU.ActiveCfg = Debug|Any CPU
		{F4A639E0-786C-441D-9918-373BFB35055C}.Debug|Any CPU.Build.0 = Debug|Any CPU
		{F4A639E0-786C-441D-9918-373BFB35055C}.Release|Any CPU.ActiveCfg = Release|Any CPU
		{F4A639E0-786C-441D-9918-373BFB35055C}.Release|Any CPU.Build.0 = Release|Any CPU
		{08C23A51-FC6D-43EB-B5E2-20BBE338BF6B}.Debug|Any CPU.ActiveCfg = Debug|Any CPU
		{08C23A51-FC6D-43EB-B5E2-20BBE338BF6B}.Debug|Any CPU.Build.0 = Debug|Any CPU
		{08C23A51-FC6D-43EB-B5E2-20BBE338BF6B}.Release|Any CPU.ActiveCfg = Release|Any CPU
		{08C23A51-FC6D-43EB-B5E2-20BBE338BF6B}.Release|Any CPU.Build.0 = Release|Any CPU
		{C6CB89B6-09CA-4CB3-A641-01FD58EE7A7A}.Debug|Any CPU.ActiveCfg = Debug|Any CPU
		{C6CB89B6-09CA-4CB3-A641-01FD58EE7A7A}.Debug|Any CPU.Build.0 = Debug|Any CPU
		{C6CB89B6-09CA-4CB3-A641-01FD58EE7A7A}.Release|Any CPU.ActiveCfg = Release|Any CPU
		{C6CB89B6-09CA-4CB3-A641-01FD58EE7A7A}.Release|Any CPU.Build.0 = Release|Any CPU
		{68FE8007-F533-4374-9E71-F3590BCEFBE1}.Debug|Any CPU.ActiveCfg = Debug|Any CPU
		{68FE8007-F533-4374-9E71-F3590BCEFBE1}.Debug|Any CPU.Build.0 = Debug|Any CPU
		{68FE8007-F533-4374-9E71-F3590BCEFBE1}.Release|Any CPU.ActiveCfg = Release|Any CPU
		{68FE8007-F533-4374-9E71-F3590BCEFBE1}.Release|Any CPU.Build.0 = Release|Any CPU
	EndGlobalSection
	GlobalSection(SolutionProperties) = preSolution
		HideSolutionNode = FALSE
	EndGlobalSection
	GlobalSection(ExtensibilityGlobals) = postSolution
		SolutionGuid = {894B60FE-F936-4965-A270-4ED811CD5357}
	EndGlobalSection
EndGlobal
